
Microsoft Visual Studio Solution File, Format Version 12.00
# Visual Studio Version 17
VisualStudioVersion = 17.5.002.0
MinimumVisualStudioVersion = 10.0.40219.1
Project("{9A19103F-16F7-4668-BE54-9A1E7A4F7556}") = "C#", "C#.csproj", "{89C1A4EF-858C-4D99-880C-EF52BEAC0AA4}"
EndProject
Global
	GlobalSection(SolutionConfigurationPlatforms) = preSolution
		Debug|Any CPU = Debug|Any CPU
		Release|Any CPU = Release|Any CPU
	EndGlobalSection
	GlobalSection(ProjectConfigurationPlatforms) = postSolution
		{89C1A4EF-858C-4D99-880C-EF52BEAC0AA4}.Debug|Any CPU.ActiveCfg = Debug|Any CPU
		{89C1A4EF-858C-4D99-880C-EF52BEAC0AA4}.Debug|Any CPU.Build.0 = Debug|Any CPU
		{89C1A4EF-858C-4D99-880C-EF52BEAC0AA4}.Release|Any CPU.ActiveCfg = Release|Any CPU
		{89C1A4EF-858C-4D99-880C-EF52BEAC0AA4}.Release|Any CPU.Build.0 = Release|Any CPU
	EndGlobalSection
	GlobalSection(SolutionProperties) = preSolution
		HideSolutionNode = FALSE
	EndGlobalSection
	GlobalSection(ExtensibilityGlobals) = postSolution
		SolutionGuid = {B107B27A-0D1F-42AD-BDA2-9B206A3C495F}
	EndGlobalSection
EndGlobal
